// !$*UTF8*$!
{
	archiveVersion = 1;
	classes = {
	};
	objectVersion = 56;
	objects = {

/* Begin PBXBuildFile section */
		AD93B5D02AC1328F000D0FCB /* AppDelegate.m in Sources */ = {isa = PBXBuildFile; fileRef = AD93B5CF2AC1328F000D0FCB /* AppDelegate.m */; };
		AD93B5D32AC1328F000D0FCB /* ViewController.m in Sources */ = {isa = PBXBuildFile; fileRef = AD93B5D22AC1328F000D0FCB /* ViewController.m */; };
		AD93B5D52AC1328F000D0FCB /* Assets.xcassets in Resources */ = {isa = PBXBuildFile; fileRef = AD93B5D42AC1328F000D0FCB /* Assets.xcassets */; };
		AD93B5D82AC1328F000D0FCB /* Main.storyboard in Resources */ = {isa = PBXBuildFile; fileRef = AD93B5D62AC1328F000D0FCB /* Main.storyboard */; };
		AD93B5DA2AC1328F000D0FCB /* main.m in Sources */ = {isa = PBXBuildFile; fileRef = AD93B5D92AC1328F000D0FCB /* main.m */; };
		AD93B5E52AC13290000D0FCB /* objcLearnTests.m in Sources */ = {isa = PBXBuildFile; fileRef = AD93B5E42AC13290000D0FCB /* objcLearnTests.m */; };
		AD93B5EF2AC13290000D0FCB /* objcLearnUITests.m in Sources */ = {isa = PBXBuildFile; fileRef = AD93B5EE2AC13290000D0FCB /* objcLearnUITests.m */; };
		AD93B5F12AC13290000D0FCB /* objcLearnUITestsLaunchTests.m in Sources */ = {isa = PBXBuildFile; fileRef = AD93B5F02AC13290000D0FCB /* objcLearnUITestsLaunchTests.m */; };
/* End PBXBuildFile section */

/* Begin PBXContainerItemProxy section */
		AD93B5E12AC13290000D0FCB /* PBXContainerItemProxy */ = {
			isa = PBXContainerItemProxy;
			containerPortal = AD93B5C32AC1328F000D0FCB /* Project object */;
			proxyType = 1;
			remoteGlobalIDString = AD93B5CA2AC1328F000D0FCB;
			remoteInfo = objcLearn;
		};
		AD93B5EB2AC13290000D0FCB /* PBXContainerItemProxy */ = {
			isa = PBXContainerItemProxy;
			containerPortal = AD93B5C32AC1328F000D0FCB /* Project object */;
			proxyType = 1;
			remoteGlobalIDString = AD93B5CA2AC1328F000D0FCB;
			remoteInfo = objcLearn;
		};
/* End PBXContainerItemProxy section */

/* Begin PBXFileReference section */
		AD93B5CB2AC1328F000D0FCB /* objcLearn.app */ = {isa = PBXFileReference; explicitFileType = wrapper.application; includeInIndex = 0; path = objcLearn.app; sourceTree = BUILT_PRODUCTS_DIR; };
		AD93B5CE2AC1328F000D0FCB /* AppDelegate.h */ = {isa = PBXFileReference; lastKnownFileType = sourcecode.c.h; path = AppDelegate.h; sourceTree = "<group>"; };
		AD93B5CF2AC1328F000D0FCB /* AppDelegate.m */ = {isa = PBXFileReference; lastKnownFileType = sourcecode.c.objc; path = AppDelegate.m; sourceTree = "<group>"; };
		AD93B5D12AC1328F000D0FCB /* ViewController.h */ = {isa = PBXFileReference; lastKnownFileType = sourcecode.c.h; path = ViewController.h; sourceTree = "<group>"; };
		AD93B5D22AC1328F000D0FCB /* ViewController.m */ = {isa = PBXFileReference; lastKnownFileType = sourcecode.c.objc; path = ViewController.m; sourceTree = "<group>"; };
		AD93B5D42AC1328F000D0FCB /* Assets.xcassets */ = {isa = PBXFileReference; lastKnownFileType = folder.assetcatalog; path = Assets.xcassets; sourceTree = "<group>"; };
		AD93B5D72AC1328F000D0FCB /* Base */ = {isa = PBXFileReference; lastKnownFileType = file.storyboard; name = Base; path = Base.lproj/Main.storyboard; sourceTree = "<group>"; };
		AD93B5D92AC1328F000D0FCB /* main.m */ = {isa = PBXFileReference; lastKnownFileType = sourcecode.c.objc; path = main.m; sourceTree = "<group>"; };
		AD93B5DB2AC1328F000D0FCB /* objcLearn.entitlements */ = {isa = PBXFileReference; lastKnownFileType = text.plist.entitlements; path = objcLearn.entitlements; sourceTree = "<group>"; };
		AD93B5E02AC13290000D0FCB /* objcLearnTests.xctest */ = {isa = PBXFileReference; explicitFileType = wrapper.cfbundle; includeInIndex = 0; path = objcLearnTests.xctest; sourceTree = BUILT_PRODUCTS_DIR; };
		AD93B5E42AC13290000D0FCB /* objcLearnTests.m */ = {isa = PBXFileReference; lastKnownFileType = sourcecode.c.objc; path = objcLearnTests.m; sourceTree = "<group>"; };
		AD93B5EA2AC13290000D0FCB /* objcLearnUITests.xctest */ = {isa = PBXFileReference; explicitFileType = wrapper.cfbundle; includeInIndex = 0; path = objcLearnUITests.xctest; sourceTree = BUILT_PRODUCTS_DIR; };
		AD93B5EE2AC13290000D0FCB /* objcLearnUITests.m */ = {isa = PBXFileReference; lastKnownFileType = sourcecode.c.objc; path = objcLearnUITests.m; sourceTree = "<group>"; };
		AD93B5F02AC13290000D0FCB /* objcLearnUITestsLaunchTests.m */ = {isa = PBXFileReference; lastKnownFileType = sourcecode.c.objc; path = objcLearnUITestsLaunchTests.m; sourceTree = "<group>"; };
/* End PBXFileReference section */

/* Begin PBXFrameworksBuildPhase section */
		AD93B5C82AC1328F000D0FCB /* Frameworks */ = {
			isa = PBXFrameworksBuildPhase;
			buildActionMask = 2147483647;
			files = (
			);
			runOnlyForDeploymentPostprocessing = 0;
		};
		AD93B5DD2AC13290000D0FCB /* Frameworks */ = {
			isa = PBXFrameworksBuildPhase;
			buildActionMask = 2147483647;
			files = (
			);
			runOnlyForDeploymentPostprocessing = 0;
		};
		AD93B5E72AC13290000D0FCB /* Frameworks */ = {
			isa = PBXFrameworksBuildPhase;
			buildActionMask = 2147483647;
			files = (
			);
			runOnlyForDeploymentPostprocessing = 0;
		};
/* End PBXFrameworksBuildPhase section */

/* Begin PBXGroup section */
		AD93B5C22AC1328F000D0FCB = {
			isa = PBXGroup;
			children = (
				AD93B5CD2AC1328F000D0FCB /* objcLearn */,
				AD93B5E32AC13290000D0FCB /* objcLearnTests */,
				AD93B5ED2AC13290000D0FCB /* objcLearnUITests */,
				AD93B5CC2AC1328F000D0FCB /* Products */,
			);
			sourceTree = "<group>";
		};
		AD93B5CC2AC1328F000D0FCB /* Products */ = {
			isa = PBXGroup;
			children = (
				AD93B5CB2AC1328F000D0FCB /* objcLearn.app */,
				AD93B5E02AC13290000D0FCB /* objcLearnTests.xctest */,
				AD93B5EA2AC13290000D0FCB /* objcLearnUITests.xctest */,
			);
			name = Products;
			sourceTree = "<group>";
		};
		AD93B5CD2AC1328F000D0FCB /* objcLearn */ = {
			isa = PBXGroup;
			children = (
				AD93B5CE2AC1328F000D0FCB /* AppDelegate.h */,
				AD93B5CF2AC1328F000D0FCB /* AppDelegate.m */,
				AD93B5D12AC1328F000D0FCB /* ViewController.h */,
				AD93B5D22AC1328F000D0FCB /* ViewController.m */,
				AD93B5D42AC1328F000D0FCB /* Assets.xcassets */,
				AD93B5D62AC1328F000D0FCB /* Main.storyboard */,
				AD93B5D92AC1328F000D0FCB /* main.m */,
				AD93B5DB2AC1328F000D0FCB /* objcLearn.entitlements */,
			);
			path = objcLearn;
			sourceTree = "<group>";
		};
		AD93B5E32AC13290000D0FCB /* objcLearnTests */ = {
			isa = PBXGroup;
			children = (
				AD93B5E42AC13290000D0FCB /* objcLearnTests.m */,
			);
			path = objcLearnTests;
			sourceTree = "<group>";
		};
		AD93B5ED2AC13290000D0FCB /* objcLearnUITests */ = {
			isa = PBXGroup;
			children = (
				AD93B5EE2AC13290000D0FCB /* objcLearnUITests.m */,
				AD93B5F02AC13290000D0FCB /* objcLearnUITestsLaunchTests.m */,
			);
			path = objcLearnUITests;
			sourceTree = "<group>";
		};
/* End PBXGroup section */

/* Begin PBXNativeTarget section */
		AD93B5CA2AC1328F000D0FCB /* objcLearn */ = {
			isa = PBXNativeTarget;
			buildConfigurationList = AD93B5F42AC13290000D0FCB /* Build configuration list for PBXNativeTarget "objcLearn" */;
			buildPhases = (
				AD93B5C72AC1328F000D0FCB /* Sources */,
				AD93B5C82AC1328F000D0FCB /* Frameworks */,
				AD93B5C92AC1328F000D0FCB /* Resources */,
			);
			buildRules = (
			);
			dependencies = (
			);
			name = objcLearn;
			productName = objcLearn;
			productReference = AD93B5CB2AC1328F000D0FCB /* objcLearn.app */;
			productType = "com.apple.product-type.application";
		};
		AD93B5DF2AC13290000D0FCB /* objcLearnTests */ = {
			isa = PBXNativeTarget;
			buildConfigurationList = AD93B5F72AC13290000D0FCB /* Build configuration list for PBXNativeTarget "objcLearnTests" */;
			buildPhases = (
				AD93B5DC2AC13290000D0FCB /* Sources */,
				AD93B5DD2AC13290000D0FCB /* Frameworks */,
				AD93B5DE2AC13290000D0FCB /* Resources */,
			);
			buildRules = (
			);
			dependencies = (
				AD93B5E22AC13290000D0FCB /* PBXTargetDependency */,
			);
			name = objcLearnTests;
			productName = objcLearnTests;
			productReference = AD93B5E02AC13290000D0FCB /* objcLearnTests.xctest */;
			productType = "com.apple.product-type.bundle.unit-test";
		};
		AD93B5E92AC13290000D0FCB /* objcLearnUITests */ = {
			isa = PBXNativeTarget;
			buildConfigurationList = AD93B5FA2AC13290000D0FCB /* Build configuration list for PBXNativeTarget "objcLearnUITests" */;
			buildPhases = (
				AD93B5E62AC13290000D0FCB /* Sources */,
				AD93B5E72AC13290000D0FCB /* Frameworks */,
				AD93B5E82AC13290000D0FCB /* Resources */,
			);
			buildRules = (
			);
			dependencies = (
				AD93B5EC2AC13290000D0FCB /* PBXTargetDependency */,
			);
			name = objcLearnUITests;
			productName = objcLearnUITests;
			productReference = AD93B5EA2AC13290000D0FCB /* objcLearnUITests.xctest */;
			productType = "com.apple.product-type.bundle.ui-testing";
		};
/* End PBXNativeTarget section */

/* Begin PBXProject section */
		AD93B5C32AC1328F000D0FCB /* Project object */ = {
			isa = PBXProject;
			attributes = {
				BuildIndependentTargetsInParallel = 1;
				LastUpgradeCheck = 1430;
				TargetAttributes = {
					AD93B5CA2AC1328F000D0FCB = {
						CreatedOnToolsVersion = 14.3.1;
					};
					AD93B5DF2AC13290000D0FCB = {
						CreatedOnToolsVersion = 14.3.1;
						TestTargetID = AD93B5CA2AC1328F000D0FCB;
					};
					AD93B5E92AC13290000D0FCB = {
						CreatedOnToolsVersion = 14.3.1;
						TestTargetID = AD93B5CA2AC1328F000D0FCB;
					};
				};
			};
			buildConfigurationList = AD93B5C62AC1328F000D0FCB /* Build configuration list for PBXProject "objcLearn" */;
			compatibilityVersion = "Xcode 14.0";
			developmentRegion = en;
			hasScannedForEncodings = 0;
			knownRegions = (
				en,
				Base,
			);
			mainGroup = AD93B5C22AC1328F000D0FCB;
			productRefGroup = AD93B5CC2AC1328F000D0FCB /* Products */;
			projectDirPath = "";
			projectRoot = "";
			targets = (
				AD93B5CA2AC1328F000D0FCB /* objcLearn */,
				AD93B5DF2AC13290000D0FCB /* objcLearnTests */,
				AD93B5E92AC13290000D0FCB /* objcLearnUITests */,
			);
		};
/* End PBXProject section */

/* Begin PBXResourcesBuildPhase section */
		AD93B5C92AC1328F000D0FCB /* Resources */ = {
			isa = PBXResourcesBuildPhase;
			buildActionMask = 2147483647;
			files = (
				AD93B5D52AC1328F000D0FCB /* Assets.xcassets in Resources */,
				AD93B5D82AC1328F000D0FCB /* Main.storyboard in Resources */,
			);
			runOnlyForDeploymentPostprocessing = 0;
		};
		AD93B5DE2AC13290000D0FCB /* Resources */ = {
			isa = PBXResourcesBuildPhase;
			buildActionMask = 2147483647;
			files = (
			);
			runOnlyForDeploymentPostprocessing = 0;
		};
		AD93B5E82AC13290000D0FCB /* Resources */ = {
			isa = PBXResourcesBuildPhase;
			buildActionMask = 2147483647;
			files = (
			);
			runOnlyForDeploymentPostprocessing = 0;
		};
/* End PBXResourcesBuildPhase section */

/* Begin PBXSourcesBuildPhase section */
		AD93B5C72AC1328F000D0FCB /* Sources */ = {
			isa = PBXSourcesBuildPhase;
			buildActionMask = 2147483647;
			files = (
				AD93B5D32AC1328F000D0FCB /* ViewController.m in Sources */,
				AD93B5DA2AC1328F000D0FCB /* main.m in Sources */,
				AD93B5D02AC1328F000D0FCB /* AppDelegate.m in Sources */,
			);
			runOnlyForDeploymentPostprocessing = 0;
		};
		AD93B5DC2AC13290000D0FCB /* Sources */ = {
			isa = PBXSourcesBuildPhase;
			buildActionMask = 2147483647;
			files = (
				AD93B5E52AC13290000D0FCB /* objcLearnTests.m in Sources */,
			);
			runOnlyForDeploymentPostprocessing = 0;
		};
		AD93B5E62AC13290000D0FCB /* Sources */ = {
			isa = PBXSourcesBuildPhase;
			buildActionMask = 2147483647;
			files = (
				AD93B5EF2AC13290000D0FCB /* objcLearnUITests.m in Sources */,
				AD93B5F12AC13290000D0FCB /* objcLearnUITestsLaunchTests.m in Sources */,
			);
			runOnlyForDeploymentPostprocessing = 0;
		};
/* End PBXSourcesBuildPhase section */

/* Begin PBXTargetDependency section */
		AD93B5E22AC13290000D0FCB /* PBXTargetDependency */ = {
			isa = PBXTargetDependency;
			target = AD93B5CA2AC1328F000D0FCB /* objcLearn */;
			targetProxy = AD93B5E12AC13290000D0FCB /* PBXContainerItemProxy */;
		};
		AD93B5EC2AC13290000D0FCB /* PBXTargetDependency */ = {
			isa = PBXTargetDependency;
			target = AD93B5CA2AC1328F000D0FCB /* objcLearn */;
			targetProxy = AD93B5EB2AC13290000D0FCB /* PBXContainerItemProxy */;
		};
/* End PBXTargetDependency section */

/* Begin PBXVariantGroup section */
		AD93B5D62AC1328F000D0FCB /* Main.storyboard */ = {
			isa = PBXVariantGroup;
			children = (
				AD93B5D72AC1328F000D0FCB /* Base */,
			);
			name = Main.storyboard;
			sourceTree = "<group>";
		};
/* End PBXVariantGroup section */

/* Begin XCBuildConfiguration section */
		AD93B5F22AC13290000D0FCB /* Debug */ = {
			isa = XCBuildConfiguration;
			buildSettings = {
				ALWAYS_SEARCH_USER_PATHS = NO;
				CLANG_ANALYZER_NONNULL = YES;
				CLANG_ANALYZER_NUMBER_OBJECT_CONVERSION = YES_AGGRESSIVE;
				CLANG_CXX_LANGUAGE_STANDARD = "gnu++20";
				CLANG_ENABLE_MODULES = YES;
				CLANG_ENABLE_OBJC_ARC = YES;
				CLANG_ENABLE_OBJC_WEAK = YES;
				CLANG_WARN_BLOCK_CAPTURE_AUTORELEASING = YES;
				CLANG_WARN_BOOL_CONVERSION = YES;
				CLANG_WARN_COMMA = YES;
				CLANG_WARN_CONSTANT_CONVERSION = YES;
				CLANG_WARN_DEPRECATED_OBJC_IMPLEMENTATIONS = YES;
				CLANG_WARN_DIRECT_OBJC_ISA_USAGE = YES_ERROR;
				CLANG_WARN_DOCUMENTATION_COMMENTS = YES;
				CLANG_WARN_EMPTY_BODY = YES;
				CLANG_WARN_ENUM_CONVERSION = YES;
				CLANG_WARN_INFINITE_RECURSION = YES;
				CLANG_WARN_INT_CONVERSION = YES;
				CLANG_WARN_NON_LITERAL_NULL_CONVERSION = YES;
				CLANG_WARN_OBJC_IMPLICIT_RETAIN_SELF = YES;
				CLANG_WARN_OBJC_LITERAL_CONVERSION = YES;
				CLANG_WARN_OBJC_ROOT_CLASS = YES_ERROR;
				CLANG_WARN_QUOTED_INCLUDE_IN_FRAMEWORK_HEADER = YES;
				CLANG_WARN_RANGE_LOOP_ANALYSIS = YES;
				CLANG_WARN_STRICT_PROTOTYPES = YES;
				CLANG_WARN_SUSPICIOUS_MOVE = YES;
				CLANG_WARN_UNGUARDED_AVAILABILITY = YES_AGGRESSIVE;
				CLANG_WARN_UNREACHABLE_CODE = YES;
				CLANG_WARN__DUPLICATE_METHOD_MATCH = YES;
				COPY_PHASE_STRIP = NO;
				DEBUG_INFORMATION_FORMAT = dwarf;
				ENABLE_STRICT_OBJC_MSGSEND = YES;
				ENABLE_TESTABILITY = YES;
				GCC_C_LANGUAGE_STANDARD = gnu11;
				GCC_DYNAMIC_NO_PIC = NO;
				GCC_NO_COMMON_BLOCKS = YES;
				GCC_OPTIMIZATION_LEVEL = 0;
				GCC_PREPROCESSOR_DEFINITIONS = (
					"DEBUG=1",
					"$(inherited)",
				);
				GCC_WARN_64_TO_32_BIT_CONVERSION = YES;
				GCC_WARN_ABOUT_RETURN_TYPE = YES_ERROR;
				GCC_WARN_UNDECLARED_SELECTOR = YES;
				GCC_WARN_UNINITIALIZED_AUTOS = YES_AGGRESSIVE;
				GCC_WARN_UNUSED_FUNCTION = YES;
				GCC_WARN_UNUSED_VARIABLE = YES;
				MACOSX_DEPLOYMENT_TARGET = 13.2;
				MTL_ENABLE_DEBUG_INFO = INCLUDE_SOURCE;
				MTL_FAST_MATH = YES;
				ONLY_ACTIVE_ARCH = YES;
				SDKROOT = macosx;
			};
			name = Debug;
		};
		AD93B5F32AC13290000D0FCB /* Release */ = {
			isa = XCBuildConfiguration;
			buildSettings = {
				ALWAYS_SEARCH_USER_PATHS = NO;
				CLANG_ANALYZER_NONNULL = YES;
				CLANG_ANALYZER_NUMBER_OBJECT_CONVERSION = YES_AGGRESSIVE;
				CLANG_CXX_LANGUAGE_STANDARD = "gnu++20";
				CLANG_ENABLE_MODULES = YES;
				CLANG_ENABLE_OBJC_ARC = YES;
				CLANG_ENABLE_OBJC_WEAK = YES;
				CLANG_WARN_BLOCK_CAPTURE_AUTORELEASING = YES;
				CLANG_WARN_BOOL_CONVERSION = YES;
				CLANG_WARN_COMMA = YES;
				CLANG_WARN_CONSTANT_CONVERSION = YES;
				CLANG_WARN_DEPRECATED_OBJC_IMPLEMENTATIONS = YES;
				CLANG_WARN_DIRECT_OBJC_ISA_USAGE = YES_ERROR;
				CLANG_WARN_DOCUMENTATION_COMMENTS = YES;
				CLANG_WARN_EMPTY_BODY = YES;
				CLANG_WARN_ENUM_CONVERSION = YES;
				CLANG_WARN_INFINITE_RECURSION = YES;
				CLANG_WARN_INT_CONVERSION = YES;
				CLANG_WARN_NON_LITERAL_NULL_CONVERSION = YES;
				CLANG_WARN_OBJC_IMPLICIT_RETAIN_SELF = YES;
				CLANG_WARN_OBJC_LITERAL_CONVERSION = YES;
				CLANG_WARN_OBJC_ROOT_CLASS = YES_ERROR;
				CLANG_WARN_QUOTED_INCLUDE_IN_FRAMEWORK_HEADER = YES;
				CLANG_WARN_RANGE_LOOP_ANALYSIS = YES;
				CLANG_WARN_STRICT_PROTOTYPES = YES;
				CLANG_WARN_SUSPICIOUS_MOVE = YES;
				CLANG_WARN_UNGUARDED_AVAILABILITY = YES_AGGRESSIVE;
				CLANG_WARN_UNREACHABLE_CODE = YES;
				CLANG_WARN__DUPLICATE_METHOD_MATCH = YES;
				COPY_PHASE_STRIP = NO;
				DEBUG_INFORMATION_FORMAT = "dwarf-with-dsym";
				ENABLE_NS_ASSERTIONS = NO;
				ENABLE_STRICT_OBJC_MSGSEND = YES;
				GCC_C_LANGUAGE_STANDARD = gnu11;
				GCC_NO_COMMON_BLOCKS = YES;
				GCC_WARN_64_TO_32_BIT_CONVERSION = YES;
				GCC_WARN_ABOUT_RETURN_TYPE = YES_ERROR;
				GCC_WARN_UNDECLARED_SELECTOR = YES;
				GCC_WARN_UNINITIALIZED_AUTOS = YES_AGGRESSIVE;
				GCC_WARN_UNUSED_FUNCTION = YES;
				GCC_WARN_UNUSED_VARIABLE = YES;
				MACOSX_DEPLOYMENT_TARGET = 13.2;
				MTL_ENABLE_DEBUG_INFO = NO;
				MTL_FAST_MATH = YES;
				SDKROOT = macosx;
			};
			name = Release;
		};
		AD93B5F52AC13290000D0FCB /* Debug */ = {
			isa = XCBuildConfiguration;
			buildSettings = {
				ASSETCATALOG_COMPILER_APPICON_NAME = AppIcon;
				ASSETCATALOG_COMPILER_GLOBAL_ACCENT_COLOR_NAME = AccentColor;
				CODE_SIGN_ENTITLEMENTS = objcLearn/objcLearn.entitlements;
				CODE_SIGN_STYLE = Automatic;
				COMBINE_HIDPI_IMAGES = YES;
				CURRENT_PROJECT_VERSION = 1;
				DEVELOPMENT_TEAM = FM82HP4LUE;
				ENABLE_HARDENED_RUNTIME = YES;
				GENERATE_INFOPLIST_FILE = YES;
				INFOPLIST_KEY_NSHumanReadableCopyright = "";
				INFOPLIST_KEY_NSMainStoryboardFile = Main;
				INFOPLIST_KEY_NSPrincipalClass = NSApplication;
				LD_RUNPATH_SEARCH_PATHS = (
					"$(inherited)",
					"@executable_path/../Frameworks",
				);
				MARKETING_VERSION = 1.0;
				PRODUCT_BUNDLE_IDENTIFIER = "-23.objcLearn";
				PRODUCT_NAME = "$(TARGET_NAME)";
				SWIFT_EMIT_LOC_STRINGS = YES;
			};
			name = Debug;
		};
		AD93B5F62AC13290000D0FCB /* Release */ = {
			isa = XCBuildConfiguration;
			buildSettings = {
				ASSETCATALOG_COMPILER_APPICON_NAME = AppIcon;
				ASSETCATALOG_COMPILER_GLOBAL_ACCENT_COLOR_NAME = AccentColor;
				CODE_SIGN_ENTITLEMENTS = objcLearn/objcLearn.entitlements;
				CODE_SIGN_STYLE = Automatic;
				COMBINE_HIDPI_IMAGES = YES;
				CURRENT_PROJECT_VERSION = 1;
				DEVELOPMENT_TEAM = FM82HP4LUE;
				ENABLE_HARDENED_RUNTIME = YES;
				GENERATE_INFOPLIST_FILE = YES;
				INFOPLIST_KEY_NSHumanReadableCopyright = "";
				INFOPLIST_KEY_NSMainStoryboardFile = Main;
				INFOPLIST_KEY_NSPrincipalClass = NSApplication;
				LD_RUNPATH_SEARCH_PATHS = (
					"$(inherited)",
					"@executable_path/../Frameworks",
				);
				MARKETING_VERSION = 1.0;
				PRODUCT_BUNDLE_IDENTIFIER = "-23.objcLearn";
				PRODUCT_NAME = "$(TARGET_NAME)";
				SWIFT_EMIT_LOC_STRINGS = YES;
			};
			name = Release;
		};
		AD93B5F82AC13290000D0FCB /* Debug */ = {
			isa = XCBuildConfiguration;
			buildSettings = {
				BUNDLE_LOADER = "$(TEST_HOST)";
				CODE_SIGN_STYLE = Automatic;
				CURRENT_PROJECT_VERSION = 1;
				DEVELOPMENT_TEAM = FM82HP4LUE;
				GENERATE_INFOPLIST_FILE = YES;
				MACOSX_DEPLOYMENT_TARGET = 13.2;
				MARKETING_VERSION = 1.0;
				PRODUCT_BUNDLE_IDENTIFIER = "-23.objcLearnTests";
				PRODUCT_NAME = "$(TARGET_NAME)";
				SWIFT_EMIT_LOC_STRINGS = NO;
				TEST_HOST = "$(BUILT_PRODUCTS_DIR)/objcLearn.app/$(BUNDLE_EXECUTABLE_FOLDER_PATH)/objcLearn";
			};
			name = Debug;
		};
		AD93B5F92AC13290000D0FCB /* Release */ = {
			isa = XCBuildConfiguration;
			buildSettings = {
				BUNDLE_LOADER = "$(TEST_HOST)";
				CODE_SIGN_STYLE = Automatic;
				CURRENT_PROJECT_VERSION = 1;
				DEVELOPMENT_TEAM = FM82HP4LUE;
				GENERATE_INFOPLIST_FILE = YES;
				MACOSX_DEPLOYMENT_TARGET = 13.2;
				MARKETING_VERSION = 1.0;
				PRODUCT_BUNDLE_IDENTIFIER = "-23.objcLearnTests";
				PRODUCT_NAME = "$(TARGET_NAME)";
				SWIFT_EMIT_LOC_STRINGS = NO;
				TEST_HOST = "$(BUILT_PRODUCTS_DIR)/objcLearn.app/$(BUNDLE_EXECUTABLE_FOLDER_PATH)/objcLearn";
			};
			name = Release;
		};
		AD93B5FB2AC13290000D0FCB /* Debug */ = {
			isa = XCBuildConfiguration;
			buildSettings = {
				CODE_SIGN_STYLE = Automatic;
				CURRENT_PROJECT_VERSION = 1;
				DEVELOPMENT_TEAM = FM82HP4LUE;
				GENERATE_INFOPLIST_FILE = YES;
				MARKETING_VERSION = 1.0;
				PRODUCT_BUNDLE_IDENTIFIER = "-23.objcLearnUITests";
				PRODUCT_NAME = "$(TARGET_NAME)";
				SWIFT_EMIT_LOC_STRINGS = NO;
				TEST_TARGET_NAME = objcLearn;
			};
			name = Debug;
		};
		AD93B5FC2AC13290000D0FCB /* Release */ = {
			isa = XCBuildConfiguration;
			buildSettings = {
				CODE_SIGN_STYLE = Automatic;
				CURRENT_PROJECT_VERSION = 1;
				DEVELOPMENT_TEAM = FM82HP4LUE;
				GENERATE_INFOPLIST_FILE = YES;
				MARKETING_VERSION = 1.0;
				PRODUCT_BUNDLE_IDENTIFIER = "-23.objcLearnUITests";
				PRODUCT_NAME = "$(TARGET_NAME)";
				SWIFT_EMIT_LOC_STRINGS = NO;
				TEST_TARGET_NAME = objcLearn;
			};
			name = Release;
		};
/* End XCBuildConfiguration section */

/* Begin XCConfigurationList section */
		AD93B5C62AC1328F000D0FCB /* Build configuration list for PBXProject "objcLearn" */ = {
			isa = XCConfigurationList;
			buildConfigurations = (
				AD93B5F22AC13290000D0FCB /* Debug */,
				AD93B5F32AC13290000D0FCB /* Release */,
			);
			defaultConfigurationIsVisible = 0;
			defaultConfigurationName = Release;
		};
		AD93B5F42AC13290000D0FCB /* Build configuration list for PBXNativeTarget "objcLearn" */ = {
			isa = XCConfigurationList;
			buildConfigurations = (
				AD93B5F52AC13290000D0FCB /* Debug */,
				AD93B5F62AC13290000D0FCB /* Release */,
			);
			defaultConfigurationIsVisible = 0;
			defaultConfigurationName = Release;
		};
		AD93B5F72AC13290000D0FCB /* Build configuration list for PBXNativeTarget "objcLearnTests" */ = {
			isa = XCConfigurationList;
			buildConfigurations = (
				AD93B5F82AC13290000D0FCB /* Debug */,
				AD93B5F92AC13290000D0FCB /* Release */,
			);
			defaultConfigurationIsVisible = 0;
			defaultConfigurationName = Release;
		};
		AD93B5FA2AC13290000D0FCB /* Build configuration list for PBXNativeTarget "objcLearnUITests" */ = {
			isa = XCConfigurationList;
			buildConfigurations = (
				AD93B5FB2AC13290000D0FCB /* Debug */,
				AD93B5FC2AC13290000D0FCB /* Release */,
			);
			defaultConfigurationIsVisible = 0;
			defaultConfigurationName = Release;
		};
/* End XCConfigurationList section */
	};
	rootObject = AD93B5C32AC1328F000D0FCB /* Project object */;
}
